
Microsoft Visual Studio Solution File, Format Version 12.00
# Visual Studio Version 16
VisualStudioVersion = 16.0.30523.141
MinimumVisualStudioVersion = 10.0.40219.1
Project("{9A19103F-16F7-4668-BE54-9A1E7A4F7556}") = "Crowe.Data", "Crowe.Data.csproj", "{C00E3090-B439-4E20-B364-04EA9C7C847B}"
EndProject
Project("{FAE04EC0-301F-11D3-BF4B-00C04F79EFBC}") = "Crowe.Data.Test", "..\Crowe.Data.Test\Crowe.Data.Test.csproj", "{6294D093-4137-42E8-8E3F-F0E7BAC817EE}"
EndProject
Global
	GlobalSection(SolutionConfigurationPlatforms) = preSolution
		Debug|Any CPU = Debug|Any CPU
		Release|Any CPU = Release|Any CPU
	EndGlobalSection
	GlobalSection(ProjectConfigurationPlatforms) = postSolution
		{C00E3090-B439-4E20-B364-04EA9C7C847B}.Debug|Any CPU.ActiveCfg = Debug|Any CPU
		{C00E3090-B439-4E20-B364-04EA9C7C847B}.Debug|Any CPU.Build.0 = Debug|Any CPU
		{C00E3090-B439-4E20-B364-04EA9C7C847B}.Release|Any CPU.ActiveCfg = Release|Any CPU
		{C00E3090-B439-4E20-B364-04EA9C7C847B}.Release|Any CPU.Build.0 = Release|Any CPU
		{6294D093-4137-42E8-8E3F-F0E7BAC817EE}.Debug|Any CPU.ActiveCfg = Debug|Any CPU
		{6294D093-4137-42E8-8E3F-F0E7BAC817EE}.Debug|Any CPU.Build.0 = Debug|Any CPU
		{6294D093-4137-42E8-8E3F-F0E7BAC817EE}.Release|Any CPU.ActiveCfg = Release|Any CPU
		{6294D093-4137-42E8-8E3F-F0E7BAC817EE}.Release|Any CPU.Build.0 = Release|Any CPU
	EndGlobalSection
	GlobalSection(SolutionProperties) = preSolution
		HideSolutionNode = FALSE
	EndGlobalSection
	GlobalSection(ExtensibilityGlobals) = postSolution
		SolutionGuid = {83D114C7-0A5F-4949-9759-2CFBEE24781E}
	EndGlobalSection
EndGlobal
